
Microsoft Visual Studio Solution File, Format Version 12.00
# Visual Studio Version 16
VisualStudioVersion = 16.0.30907.101
MinimumVisualStudioVersion = 10.0.40219.1
Project("{FAE04EC0-301F-11D3-BF4B-00C04F79EFBC}") = "ProjectScheduler", "ProjectScheduler\ProjectScheduler.csproj", "{789A182D-3CB4-47BE-A996-03D7D7F0F9D1}"
EndProject
Global
	GlobalSection(SolutionConfigurationPlatforms) = preSolution
		Debug|Any CPU = Debug|Any CPU
		Release|Any CPU = Release|Any CPU
	EndGlobalSection
	GlobalSection(ProjectConfigurationPlatforms) = postSolution
		{789A182D-3CB4-47BE-A996-03D7D7F0F9D1}.Debug|Any CPU.ActiveCfg = Debug|Any CPU
		{789A182D-3CB4-47BE-A996-03D7D7F0F9D1}.Debug|Any CPU.Build.0 = Debug|Any CPU
		{789A182D-3CB4-47BE-A996-03D7D7F0F9D1}.Release|Any CPU.ActiveCfg = Release|Any CPU
		{789A182D-3CB4-47BE-A996-03D7D7F0F9D1}.Release|Any CPU.Build.0 = Release|Any CPU
	EndGlobalSection
	GlobalSection(SolutionProperties) = preSolution
		HideSolutionNode = FALSE
	EndGlobalSection
	GlobalSection(ExtensibilityGlobals) = postSolution
		SolutionGuid = {18DF5CDA-2779-41BE-A698-25168417B35B}
	EndGlobalSection
EndGlobal
